
Microsoft Visual Studio Solution File, Format Version 12.00
# Visual Studio Version 17
VisualStudioVersion = 17.4.33213.308
MinimumVisualStudioVersion = 10.0.40219.1
Project("{2150E333-8FDC-42A3-9474-1A3956D46DE8}") = "Core", "Core", "{235AE3B3-22D6-4EB0-ADF0-35D9C2A09D6E}"
EndProject
Project("{9A19103F-16F7-4668-BE54-9A1E7A4F7556}") = "DomainPhoneBook", "DomainPhoneBook\DomainPhoneBook.csproj", "{C139EC26-F604-43ED-81D8-36CEB426A3C5}"
EndProject
Project("{9A19103F-16F7-4668-BE54-9A1E7A4F7556}") = "ApplicationPhoneBook", "ApplicationPhoneBook\ApplicationPhoneBook.csproj", "{9C810004-FF65-406C-A680-BA7E16C1B095}"
EndProject
Project("{2150E333-8FDC-42A3-9474-1A3956D46DE8}") = "Infrastrucures", "Infrastrucures", "{2F572319-549F-4135-9979-3787B804D9FA}"
EndProject
Project("{9A19103F-16F7-4668-BE54-9A1E7A4F7556}") = "Persistance", "Persistance\Persistance.csproj", "{FF8F89CD-ED0C-4E82-9AE8-4A55E20E2CE4}"
EndProject
Project("{9A19103F-16F7-4668-BE54-9A1E7A4F7556}") = "Infrastrucures", "Infrastrucures\Infrastrucures.csproj", "{0C847E00-18E7-438F-8073-7D6AAE004F13}"
EndProject
Project("{2150E333-8FDC-42A3-9474-1A3956D46DE8}") = "Presentation", "Presentation", "{483D5AD2-DB37-42DC-B09B-CCD7715ABBC8}"
EndProject
Project("{9A19103F-16F7-4668-BE54-9A1E7A4F7556}") = "PhoneBookEndPoint", "PhoneBookEndPoint\PhoneBookEndPoint.csproj", "{ED3FCE00-456E-437A-9F9C-F0D2EC411F3B}"
EndProject
Project("{9A19103F-16F7-4668-BE54-9A1E7A4F7556}") = "DAL", "C:\Users\User\source\repos\zahednia\Phoonbook_N-tier\DAL\DAL.csproj", "{3E8DEF00-89F9-4DF2-9620-099F80DD23F8}"
EndProject
Project("{9A19103F-16F7-4668-BE54-9A1E7A4F7556}") = "BLL", "C:\Users\User\source\repos\zahednia\Phoonbook_N-tier\BLL\BLL.csproj", "{50E42FC8-794F-4EE6-AC35-CB513153BB8C}"
EndProject
Project("{9A19103F-16F7-4668-BE54-9A1E7A4F7556}") = "UI_winForm", "C:\Users\User\source\repos\zahednia\Phoonbook_N-tier\UI_winForm\UI_winForm.csproj", "{3F603CF4-F60A-426E-84DB-8BB6FAEAB929}"
EndProject
Project("{2150E333-8FDC-42A3-9474-1A3956D46DE8}") = "ZZEXPROGECT", "ZZEXPROGECT", "{7E819858-AB6F-4883-9F7B-CB6C4BE95986}"
EndProject
Global
	GlobalSection(SolutionConfigurationPlatforms) = preSolution
		Debug|Any CPU = Debug|Any CPU
		Release|Any CPU = Release|Any CPU
	EndGlobalSection
	GlobalSection(ProjectConfigurationPlatforms) = postSolution
		{C139EC26-F604-43ED-81D8-36CEB426A3C5}.Debug|Any CPU.ActiveCfg = Debug|Any CPU
		{C139EC26-F604-43ED-81D8-36CEB426A3C5}.Debug|Any CPU.Build.0 = Debug|Any CPU
		{C139EC26-F604-43ED-81D8-36CEB426A3C5}.Release|Any CPU.ActiveCfg = Release|Any CPU
		{C139EC26-F604-43ED-81D8-36CEB426A3C5}.Release|Any CPU.Build.0 = Release|Any CPU
		{9C810004-FF65-406C-A680-BA7E16C1B095}.Debug|Any CPU.ActiveCfg = Debug|Any CPU
		{9C810004-FF65-406C-A680-BA7E16C1B095}.Debug|Any CPU.Build.0 = Debug|Any CPU
		{9C810004-FF65-406C-A680-BA7E16C1B095}.Release|Any CPU.ActiveCfg = Release|Any CPU
		{9C810004-FF65-406C-A680-BA7E16C1B095}.Release|Any CPU.Build.0 = Release|Any CPU
		{FF8F89CD-ED0C-4E82-9AE8-4A55E20E2CE4}.Debug|Any CPU.ActiveCfg = Debug|Any CPU
		{FF8F89CD-ED0C-4E82-9AE8-4A55E20E2CE4}.Debug|Any CPU.Build.0 = Debug|Any CPU
		{FF8F89CD-ED0C-4E82-9AE8-4A55E20E2CE4}.Release|Any CPU.ActiveCfg = Release|Any CPU
		{FF8F89CD-ED0C-4E82-9AE8-4A55E20E2CE4}.Release|Any CPU.Build.0 = Release|Any CPU
		{0C847E00-18E7-438F-8073-7D6AAE004F13}.Debug|Any CPU.ActiveCfg = Debug|Any CPU
		{0C847E00-18E7-438F-8073-7D6AAE004F13}.Debug|Any CPU.Build.0 = Debug|Any CPU
		{0C847E00-18E7-438F-8073-7D6AAE004F13}.Release|Any CPU.ActiveCfg = Release|Any CPU
		{0C847E00-18E7-438F-8073-7D6AAE004F13}.Release|Any CPU.Build.0 = Release|Any CPU
		{ED3FCE00-456E-437A-9F9C-F0D2EC411F3B}.Debug|Any CPU.ActiveCfg = Debug|Any CPU
		{ED3FCE00-456E-437A-9F9C-F0D2EC411F3B}.Debug|Any CPU.Build.0 = Debug|Any CPU
		{ED3FCE00-456E-437A-9F9C-F0D2EC411F3B}.Release|Any CPU.ActiveCfg = Release|Any CPU
		{ED3FCE00-456E-437A-9F9C-F0D2EC411F3B}.Release|Any CPU.Build.0 = Release|Any CPU
		{3E8DEF00-89F9-4DF2-9620-099F80DD23F8}.Debug|Any CPU.ActiveCfg = Debug|Any CPU
		{3E8DEF00-89F9-4DF2-9620-099F80DD23F8}.Debug|Any CPU.Build.0 = Debug|Any CPU
		{3E8DEF00-89F9-4DF2-9620-099F80DD23F8}.Release|Any CPU.ActiveCfg = Release|Any CPU
		{3E8DEF00-89F9-4DF2-9620-099F80DD23F8}.Release|Any CPU.Build.0 = Release|Any CPU
		{50E42FC8-794F-4EE6-AC35-CB513153BB8C}.Debug|Any CPU.ActiveCfg = Debug|Any CPU
		{50E42FC8-794F-4EE6-AC35-CB513153BB8C}.Debug|Any CPU.Build.0 = Debug|Any CPU
		{50E42FC8-794F-4EE6-AC35-CB513153BB8C}.Release|Any CPU.ActiveCfg = Release|Any CPU
		{50E42FC8-794F-4EE6-AC35-CB513153BB8C}.Release|Any CPU.Build.0 = Release|Any CPU
		{3F603CF4-F60A-426E-84DB-8BB6FAEAB929}.Debug|Any CPU.ActiveCfg = Debug|Any CPU
		{3F603CF4-F60A-426E-84DB-8BB6FAEAB929}.Debug|Any CPU.Build.0 = Debug|Any CPU
		{3F603CF4-F60A-426E-84DB-8BB6FAEAB929}.Release|Any CPU.ActiveCfg = Release|Any CPU
		{3F603CF4-F60A-426E-84DB-8BB6FAEAB929}.Release|Any CPU.Build.0 = Release|Any CPU
	EndGlobalSection
	GlobalSection(SolutionProperties) = preSolution
		HideSolutionNode = FALSE
	EndGlobalSection
	GlobalSection(NestedProjects) = preSolution
		{C139EC26-F604-43ED-81D8-36CEB426A3C5} = {235AE3B3-22D6-4EB0-ADF0-35D9C2A09D6E}
		{9C810004-FF65-406C-A680-BA7E16C1B095} = {235AE3B3-22D6-4EB0-ADF0-35D9C2A09D6E}
		{FF8F89CD-ED0C-4E82-9AE8-4A55E20E2CE4} = {2F572319-549F-4135-9979-3787B804D9FA}
		{0C847E00-18E7-438F-8073-7D6AAE004F13} = {2F572319-549F-4135-9979-3787B804D9FA}
		{ED3FCE00-456E-437A-9F9C-F0D2EC411F3B} = {483D5AD2-DB37-42DC-B09B-CCD7715ABBC8}
		{3E8DEF00-89F9-4DF2-9620-099F80DD23F8} = {7E819858-AB6F-4883-9F7B-CB6C4BE95986}
		{50E42FC8-794F-4EE6-AC35-CB513153BB8C} = {7E819858-AB6F-4883-9F7B-CB6C4BE95986}
		{3F603CF4-F60A-426E-84DB-8BB6FAEAB929} = {7E819858-AB6F-4883-9F7B-CB6C4BE95986}
	EndGlobalSection
	GlobalSection(ExtensibilityGlobals) = postSolution
		SolutionGuid = {7A9DE745-DA35-4C01-900E-722C8BC4D73C}
	EndGlobalSection
EndGlobal
