
Microsoft Visual Studio Solution File, Format Version 12.00
# Visual Studio Version 17
VisualStudioVersion = 17.4.33213.308
MinimumVisualStudioVersion = 10.0.40219.1
Project("{2150E333-8FDC-42A3-9474-1A3956D46DE8}") = "Core", "Core", "{77EF622C-EE3E-4AE8-BB11-9DF4A110E94C}"
EndProject
Project("{9A19103F-16F7-4668-BE54-9A1E7A4F7556}") = "DomainPhoneBook", "DomainPhoneBook\DomainPhoneBook.csproj", "{1EF89CE1-453D-4860-A7F6-0C69613DD47C}"
EndProject
Project("{9A19103F-16F7-4668-BE54-9A1E7A4F7556}") = "ApplicationPhoneBook", "ApplicationPhoneBook\ApplicationPhoneBook.csproj", "{595D9AF3-7417-4095-99AE-1EEE9FA55C77}"
EndProject
Project("{2150E333-8FDC-42A3-9474-1A3956D46DE8}") = "Infrastructures", "Infrastructures", "{DEC8DB9B-9737-436B-8224-F79CE9757784}"
EndProject
Project("{9A19103F-16F7-4668-BE54-9A1E7A4F7556}") = "PersistencePhoneBook", "PersistencePhoneBook\PersistencePhoneBook.csproj", "{C30493E8-9DD3-473B-A664-D81186AF01E9}"
EndProject
Project("{9A19103F-16F7-4668-BE54-9A1E7A4F7556}") = "InfrastructurePhoneBook", "InfrastructurePhoneBook\InfrastructurePhoneBook.csproj", "{1B2ACBB0-BF4F-4D2A-8C24-E2530B58CCED}"
EndProject
Project("{2150E333-8FDC-42A3-9474-1A3956D46DE8}") = "Presentation", "Presentation", "{081A496F-509E-4CB5-A1B3-1D0E048B552C}"
EndProject
Project("{9A19103F-16F7-4668-BE54-9A1E7A4F7556}") = "Phonebook.Endpoint", "Phonebook.Endpoint\Phonebook.Endpoint.csproj", "{DD0C6630-EAB3-4B4F-9EF1-C70BA901D677}"
EndProject
Global
	GlobalSection(SolutionConfigurationPlatforms) = preSolution
		Debug|Any CPU = Debug|Any CPU
		Release|Any CPU = Release|Any CPU
	EndGlobalSection
	GlobalSection(ProjectConfigurationPlatforms) = postSolution
		{1EF89CE1-453D-4860-A7F6-0C69613DD47C}.Debug|Any CPU.ActiveCfg = Debug|Any CPU
		{1EF89CE1-453D-4860-A7F6-0C69613DD47C}.Debug|Any CPU.Build.0 = Debug|Any CPU
		{1EF89CE1-453D-4860-A7F6-0C69613DD47C}.Release|Any CPU.ActiveCfg = Release|Any CPU
		{1EF89CE1-453D-4860-A7F6-0C69613DD47C}.Release|Any CPU.Build.0 = Release|Any CPU
		{595D9AF3-7417-4095-99AE-1EEE9FA55C77}.Debug|Any CPU.ActiveCfg = Debug|Any CPU
		{595D9AF3-7417-4095-99AE-1EEE9FA55C77}.Debug|Any CPU.Build.0 = Debug|Any CPU
		{595D9AF3-7417-4095-99AE-1EEE9FA55C77}.Release|Any CPU.ActiveCfg = Release|Any CPU
		{595D9AF3-7417-4095-99AE-1EEE9FA55C77}.Release|Any CPU.Build.0 = Release|Any CPU
		{C30493E8-9DD3-473B-A664-D81186AF01E9}.Debug|Any CPU.ActiveCfg = Debug|Any CPU
		{C30493E8-9DD3-473B-A664-D81186AF01E9}.Debug|Any CPU.Build.0 = Debug|Any CPU
		{C30493E8-9DD3-473B-A664-D81186AF01E9}.Release|Any CPU.ActiveCfg = Release|Any CPU
		{C30493E8-9DD3-473B-A664-D81186AF01E9}.Release|Any CPU.Build.0 = Release|Any CPU
		{1B2ACBB0-BF4F-4D2A-8C24-E2530B58CCED}.Debug|Any CPU.ActiveCfg = Debug|Any CPU
		{1B2ACBB0-BF4F-4D2A-8C24-E2530B58CCED}.Debug|Any CPU.Build.0 = Debug|Any CPU
		{1B2ACBB0-BF4F-4D2A-8C24-E2530B58CCED}.Release|Any CPU.ActiveCfg = Release|Any CPU
		{1B2ACBB0-BF4F-4D2A-8C24-E2530B58CCED}.Release|Any CPU.Build.0 = Release|Any CPU
		{DD0C6630-EAB3-4B4F-9EF1-C70BA901D677}.Debug|Any CPU.ActiveCfg = Debug|Any CPU
		{DD0C6630-EAB3-4B4F-9EF1-C70BA901D677}.Debug|Any CPU.Build.0 = Debug|Any CPU
		{DD0C6630-EAB3-4B4F-9EF1-C70BA901D677}.Release|Any CPU.ActiveCfg = Release|Any CPU
		{DD0C6630-EAB3-4B4F-9EF1-C70BA901D677}.Release|Any CPU.Build.0 = Release|Any CPU
	EndGlobalSection
	GlobalSection(SolutionProperties) = preSolution
		HideSolutionNode = FALSE
	EndGlobalSection
	GlobalSection(NestedProjects) = preSolution
		{1EF89CE1-453D-4860-A7F6-0C69613DD47C} = {77EF622C-EE3E-4AE8-BB11-9DF4A110E94C}
		{595D9AF3-7417-4095-99AE-1EEE9FA55C77} = {77EF622C-EE3E-4AE8-BB11-9DF4A110E94C}
		{C30493E8-9DD3-473B-A664-D81186AF01E9} = {DEC8DB9B-9737-436B-8224-F79CE9757784}
		{1B2ACBB0-BF4F-4D2A-8C24-E2530B58CCED} = {DEC8DB9B-9737-436B-8224-F79CE9757784}
		{DD0C6630-EAB3-4B4F-9EF1-C70BA901D677} = {081A496F-509E-4CB5-A1B3-1D0E048B552C}
	EndGlobalSection
	GlobalSection(ExtensibilityGlobals) = postSolution
		SolutionGuid = {5DD03BEF-6EA0-4B7F-BE4D-49D92F27378C}
	EndGlobalSection
EndGlobal
